// !$*UTF8*$!
{
	archiveVersion = 1;
	classes = {
	};
	objectVersion = 56;
	objects = {

/* Begin PBXBuildFile section */
		4E8A8B3A2D4245E400C64FEF /* QuicktranslateViewController.swift in Sources */ = {isa = PBXBuildFile; fileRef = 4E8A8B392D4245E400C64FEF /* QuicktranslateViewController.swift */; };
		4E9B3E7E2D43DF6B00FB8AAD /* HistoryViewController.swift in Sources */ = {isa = PBXBuildFile; fileRef = 4E9B3E7D2D43DF6B00FB8AAD /* HistoryViewController.swift */; };
		4E9B3E802D43DF8100FB8AAD /* historyTableViewCell.swift in Sources */ = {isa = PBXBuildFile; fileRef = 4E9B3E7F2D43DF8100FB8AAD /* historyTableViewCell.swift */; };
		4EA934BF2D421F20008EE7B5 /* AppDelegate.swift in Sources */ = {isa = PBXBuildFile; fileRef = 4EA934BE2D421F20008EE7B5 /* AppDelegate.swift */; };
		4EA934C12D421F20008EE7B5 /* SceneDelegate.swift in Sources */ = {isa = PBXBuildFile; fileRef = 4EA934C02D421F20008EE7B5 /* SceneDelegate.swift */; };
		4EA934C32D421F20008EE7B5 /* ViewController.swift in Sources */ = {isa = PBXBuildFile; fileRef = 4EA934C22D421F20008EE7B5 /* ViewController.swift */; };
		4EA934C62D421F20008EE7B5 /* Main.storyboard in Resources */ = {isa = PBXBuildFile; fileRef = 4EA934C42D421F20008EE7B5 /* Main.storyboard */; };
		4EA934C82D421F22008EE7B5 /* Assets.xcassets in Resources */ = {isa = PBXBuildFile; fileRef = 4EA934C72D421F22008EE7B5 /* Assets.xcassets */; };
		4EA934CB2D421F22008EE7B5 /* LaunchScreen.storyboard in Resources */ = {isa = PBXBuildFile; fileRef = 4EA934C92D421F22008EE7B5 /* LaunchScreen.storyboard */; };
		4EA934D42D421FA3008EE7B5 /* WelcomeViewController.swift in Sources */ = {isa = PBXBuildFile; fileRef = 4EA934D32D421FA3008EE7B5 /* WelcomeViewController.swift */; };
		4EA934D72D42200A008EE7B5 /* DashboardViewController.swift in Sources */ = {isa = PBXBuildFile; fileRef = 4EA934D62D42200A008EE7B5 /* DashboardViewController.swift */; };
		4EA934DC2D422C98008EE7B5 /* Helper.swift in Sources */ = {isa = PBXBuildFile; fileRef = 4EA934D92D422C98008EE7B5 /* Helper.swift */; };
		4EA934DD2D422C98008EE7B5 /* iOSDropDown.swift in Sources */ = {isa = PBXBuildFile; fileRef = 4EA934DA2D422C98008EE7B5 /* iOSDropDown.swift */; };
		4EA934DE2D422C98008EE7B5 /* SwiftyTranslate.swift in Sources */ = {isa = PBXBuildFile; fileRef = 4EA934DB2D422C98008EE7B5 /* SwiftyTranslate.swift */; };
		4ECD033D2D42624700EA0D0D /* VoiceCaptureViewController.swift in Sources */ = {isa = PBXBuildFile; fileRef = 4ECD033C2D42624700EA0D0D /* VoiceCaptureViewController.swift */; };
		4EDDA43D2D43935A00AD5CC5 /* SettingsViewController.swift in Sources */ = {isa = PBXBuildFile; fileRef = 4EDDA43A2D43935A00AD5CC5 /* SettingsViewController.swift */; };
		4EDDA43E2D43935A00AD5CC5 /* FeedbackViewController.swift in Sources */ = {isa = PBXBuildFile; fileRef = 4EDDA43B2D43935A00AD5CC5 /* FeedbackViewController.swift */; };
		4EDDA43F2D43935A00AD5CC5 /* AboutViewController.swift in Sources */ = {isa = PBXBuildFile; fileRef = 4EDDA43C2D43935A00AD5CC5 /* AboutViewController.swift */; };
		4EE13B282D43770B00E3E31A /* VisualReaderViewController.swift in Sources */ = {isa = PBXBuildFile; fileRef = 4EE13B272D43770B00E3E31A /* VisualReaderViewController.swift */; };
/* End PBXBuildFile section */

/* Begin PBXFileReference section */
		4E8A8B392D4245E400C64FEF /* QuicktranslateViewController.swift */ = {isa = PBXFileReference; lastKnownFileType = sourcecode.swift; path = QuicktranslateViewController.swift; sourceTree = "<group>"; };
		4E9B3E7D2D43DF6B00FB8AAD /* HistoryViewController.swift */ = {isa = PBXFileReference; lastKnownFileType = sourcecode.swift; path = HistoryViewController.swift; sourceTree = "<group>"; };
		4E9B3E7F2D43DF8100FB8AAD /* historyTableViewCell.swift */ = {isa = PBXFileReference; lastKnownFileType = sourcecode.swift; path = historyTableViewCell.swift; sourceTree = "<group>"; };
		4EA934BB2D421F20008EE7B5 /* VoiceCrafter Wave.app */ = {isa = PBXFileReference; explicitFileType = wrapper.application; includeInIndex = 0; path = "VoiceCrafter Wave.app"; sourceTree = BUILT_PRODUCTS_DIR; };
		4EA934BE2D421F20008EE7B5 /* AppDelegate.swift */ = {isa = PBXFileReference; lastKnownFileType = sourcecode.swift; path = AppDelegate.swift; sourceTree = "<group>"; };
		4EA934C02D421F20008EE7B5 /* SceneDelegate.swift */ = {isa = PBXFileReference; lastKnownFileType = sourcecode.swift; path = SceneDelegate.swift; sourceTree = "<group>"; };
		4EA934C22D421F20008EE7B5 /* ViewController.swift */ = {isa = PBXFileReference; lastKnownFileType = sourcecode.swift; path = ViewController.swift; sourceTree = "<group>"; };
		4EA934C52D421F20008EE7B5 /* Base */ = {isa = PBXFileReference; lastKnownFileType = file.storyboard; name = Base; path = Base.lproj/Main.storyboard; sourceTree = "<group>"; };
		4EA934C72D421F22008EE7B5 /* Assets.xcassets */ = {isa = PBXFileReference; lastKnownFileType = folder.assetcatalog; path = Assets.xcassets; sourceTree = "<group>"; };
		4EA934CA2D421F22008EE7B5 /* Base */ = {isa = PBXFileReference; lastKnownFileType = file.storyboard; name = Base; path = Base.lproj/LaunchScreen.storyboard; sourceTree = "<group>"; };
		4EA934CC2D421F22008EE7B5 /* Info.plist */ = {isa = PBXFileReference; lastKnownFileType = text.plist.xml; path = Info.plist; sourceTree = "<group>"; };
		4EA934D32D421FA3008EE7B5 /* WelcomeViewController.swift */ = {isa = PBXFileReference; lastKnownFileType = sourcecode.swift; path = WelcomeViewController.swift; sourceTree = "<group>"; };
		4EA934D62D42200A008EE7B5 /* DashboardViewController.swift */ = {isa = PBXFileReference; lastKnownFileType = sourcecode.swift; path = DashboardViewController.swift; sourceTree = "<group>"; };
		4EA934D92D422C98008EE7B5 /* Helper.swift */ = {isa = PBXFileReference; fileEncoding = 4; lastKnownFileType = sourcecode.swift; path = Helper.swift; sourceTree = "<group>"; };
		4EA934DA2D422C98008EE7B5 /* iOSDropDown.swift */ = {isa = PBXFileReference; fileEncoding = 4; lastKnownFileType = sourcecode.swift; path = iOSDropDown.swift; sourceTree = "<group>"; };
		4EA934DB2D422C98008EE7B5 /* SwiftyTranslate.swift */ = {isa = PBXFileReference; fileEncoding = 4; lastKnownFileType = sourcecode.swift; path = SwiftyTranslate.swift; sourceTree = "<group>"; };
		4ECD033C2D42624700EA0D0D /* VoiceCaptureViewController.swift */ = {isa = PBXFileReference; lastKnownFileType = sourcecode.swift; path = VoiceCaptureViewController.swift; sourceTree = "<group>"; };
		4EDDA43A2D43935A00AD5CC5 /* SettingsViewController.swift */ = {isa = PBXFileReference; fileEncoding = 4; lastKnownFileType = sourcecode.swift; path = SettingsViewController.swift; sourceTree = "<group>"; };
		4EDDA43B2D43935A00AD5CC5 /* FeedbackViewController.swift */ = {isa = PBXFileReference; fileEncoding = 4; lastKnownFileType = sourcecode.swift; path = FeedbackViewController.swift; sourceTree = "<group>"; };
		4EDDA43C2D43935A00AD5CC5 /* AboutViewController.swift */ = {isa = PBXFileReference; fileEncoding = 4; lastKnownFileType = sourcecode.swift; path = AboutViewController.swift; sourceTree = "<group>"; };
		4EE13B272D43770B00E3E31A /* VisualReaderViewController.swift */ = {isa = PBXFileReference; lastKnownFileType = sourcecode.swift; path = VisualReaderViewController.swift; sourceTree = "<group>"; };
/* End PBXFileReference section */

/* Begin PBXFrameworksBuildPhase section */
		4EA934B82D421F20008EE7B5 /* Frameworks */ = {
			isa = PBXFrameworksBuildPhase;
			buildActionMask = 2147483647;
			files = (
			);
			runOnlyForDeploymentPostprocessing = 0;
		};
/* End PBXFrameworksBuildPhase section */

/* Begin PBXGroup section */
		4E8A8B352D42456A00C64FEF /* QuickTranslate */ = {
			isa = PBXGroup;
			children = (
				4E8A8B392D4245E400C64FEF /* QuicktranslateViewController.swift */,
			);
			path = QuickTranslate;
			sourceTree = "<group>";
		};
		4E8A8B362D42458800C64FEF /* VisualReader */ = {
			isa = PBXGroup;
			children = (
				4EE13B272D43770B00E3E31A /* VisualReaderViewController.swift */,
			);
			path = VisualReader;
			sourceTree = "<group>";
		};
		4E8A8B372D42459500C64FEF /* VoiceCapture */ = {
			isa = PBXGroup;
			children = (
				4ECD033C2D42624700EA0D0D /* VoiceCaptureViewController.swift */,
			);
			path = VoiceCapture;
			sourceTree = "<group>";
		};
		4E8A8B382D4245A500C64FEF /* AppPreference */ = {
			isa = PBXGroup;
			children = (
				4EDDA43C2D43935A00AD5CC5 /* AboutViewController.swift */,
				4EDDA43B2D43935A00AD5CC5 /* FeedbackViewController.swift */,
				4EDDA43A2D43935A00AD5CC5 /* SettingsViewController.swift */,
			);
			path = AppPreference;
			sourceTree = "<group>";
		};
		4E9B3E7C2D43DF5D00FB8AAD /* Hitory */ = {
			isa = PBXGroup;
			children = (
				4E9B3E7D2D43DF6B00FB8AAD /* HistoryViewController.swift */,
				4E9B3E7F2D43DF8100FB8AAD /* historyTableViewCell.swift */,
			);
			path = Hitory;
			sourceTree = "<group>";
		};
		4EA934B22D421F1F008EE7B5 = {
			isa = PBXGroup;
			children = (
				4EA934BD2D421F20008EE7B5 /* VoiceCrafter Wave */,
				4EA934BC2D421F20008EE7B5 /* Products */,
			);
			sourceTree = "<group>";
		};
		4EA934BC2D421F20008EE7B5 /* Products */ = {
			isa = PBXGroup;
			children = (
				4EA934BB2D421F20008EE7B5 /* VoiceCrafter Wave.app */,
			);
			name = Products;
			sourceTree = "<group>";
		};
		4EA934BD2D421F20008EE7B5 /* VoiceCrafter Wave */ = {
			isa = PBXGroup;
			children = (
				4E9B3E7C2D43DF5D00FB8AAD /* Hitory */,
				4E8A8B382D4245A500C64FEF /* AppPreference */,
				4E8A8B372D42459500C64FEF /* VoiceCapture */,
				4E8A8B362D42458800C64FEF /* VisualReader */,
				4E8A8B352D42456A00C64FEF /* QuickTranslate */,
				4EA934D82D422C83008EE7B5 /* Helper */,
				4EA934D52D421FED008EE7B5 /* DashboardScreen */,
				4EA934D22D421F6C008EE7B5 /* WelcomeScreen */,
				4EA934BE2D421F20008EE7B5 /* AppDelegate.swift */,
				4EA934C02D421F20008EE7B5 /* SceneDelegate.swift */,
				4EA934C22D421F20008EE7B5 /* ViewController.swift */,
				4EA934C42D421F20008EE7B5 /* Main.storyboard */,
				4EA934C72D421F22008EE7B5 /* Assets.xcassets */,
				4EA934C92D421F22008EE7B5 /* LaunchScreen.storyboard */,
				4EA934CC2D421F22008EE7B5 /* Info.plist */,
			);
			path = "VoiceCrafter Wave";
			sourceTree = "<group>";
		};
		4EA934D22D421F6C008EE7B5 /* WelcomeScreen */ = {
			isa = PBXGroup;
			children = (
				4EA934D32D421FA3008EE7B5 /* WelcomeViewController.swift */,
			);
			path = WelcomeScreen;
			sourceTree = "<group>";
		};
		4EA934D52D421FED008EE7B5 /* DashboardScreen */ = {
			isa = PBXGroup;
			children = (
				4EA934D62D42200A008EE7B5 /* DashboardViewController.swift */,
			);
			path = DashboardScreen;
			sourceTree = "<group>";
		};
		4EA934D82D422C83008EE7B5 /* Helper */ = {
			isa = PBXGroup;
			children = (
				4EA934D92D422C98008EE7B5 /* Helper.swift */,
				4EA934DA2D422C98008EE7B5 /* iOSDropDown.swift */,
				4EA934DB2D422C98008EE7B5 /* SwiftyTranslate.swift */,
			);
			path = Helper;
			sourceTree = "<group>";
		};
/* End PBXGroup section */

/* Begin PBXNativeTarget section */
		4EA934BA2D421F20008EE7B5 /* VoiceCrafter Wave */ = {
			isa = PBXNativeTarget;
			buildConfigurationList = 4EA934CF2D421F22008EE7B5 /* Build configuration list for PBXNativeTarget "VoiceCrafter Wave" */;
			buildPhases = (
				4EA934B72D421F20008EE7B5 /* Sources */,
				4EA934B82D421F20008EE7B5 /* Frameworks */,
				4EA934B92D421F20008EE7B5 /* Resources */,
			);
			buildRules = (
			);
			dependencies = (
			);
			name = "VoiceCrafter Wave";
			productName = "VoiceCrafter Wave";
			productReference = 4EA934BB2D421F20008EE7B5 /* VoiceCrafter Wave.app */;
			productType = "com.apple.product-type.application";
		};
/* End PBXNativeTarget section */

/* Begin PBXProject section */
		4EA934B32D421F1F008EE7B5 /* Project object */ = {
			isa = PBXProject;
			attributes = {
				BuildIndependentTargetsInParallel = 1;
				LastSwiftUpdateCheck = 1520;
				LastUpgradeCheck = 1520;
				TargetAttributes = {
					4EA934BA2D421F20008EE7B5 = {
						CreatedOnToolsVersion = 15.2;
					};
				};
			};
			buildConfigurationList = 4EA934B62D421F1F008EE7B5 /* Build configuration list for PBXProject "VoiceCrafter Wave" */;
			compatibilityVersion = "Xcode 14.0";
			developmentRegion = en;
			hasScannedForEncodings = 0;
			knownRegions = (
				en,
				Base,
			);
			mainGroup = 4EA934B22D421F1F008EE7B5;
			productRefGroup = 4EA934BC2D421F20008EE7B5 /* Products */;
			projectDirPath = "";
			projectRoot = "";
			targets = (
				4EA934BA2D421F20008EE7B5 /* VoiceCrafter Wave */,
			);
		};
/* End PBXProject section */

/* Begin PBXResourcesBuildPhase section */
		4EA934B92D421F20008EE7B5 /* Resources */ = {
			isa = PBXResourcesBuildPhase;
			buildActionMask = 2147483647;
			files = (
				4EA934CB2D421F22008EE7B5 /* LaunchScreen.storyboard in Resources */,
				4EA934C82D421F22008EE7B5 /* Assets.xcassets in Resources */,
				4EA934C62D421F20008EE7B5 /* Main.storyboard in Resources */,
			);
			runOnlyForDeploymentPostprocessing = 0;
		};
/* End PBXResourcesBuildPhase section */

/* Begin PBXSourcesBuildPhase section */
		4EA934B72D421F20008EE7B5 /* Sources */ = {
			isa = PBXSourcesBuildPhase;
			buildActionMask = 2147483647;
			files = (
				4EA934C32D421F20008EE7B5 /* ViewController.swift in Sources */,
				4EE13B282D43770B00E3E31A /* VisualReaderViewController.swift in Sources */,
				4E8A8B3A2D4245E400C64FEF /* QuicktranslateViewController.swift in Sources */,
				4E9B3E7E2D43DF6B00FB8AAD /* HistoryViewController.swift in Sources */,
				4EA934DD2D422C98008EE7B5 /* iOSDropDown.swift in Sources */,
				4EA934D42D421FA3008EE7B5 /* WelcomeViewController.swift in Sources */,
				4ECD033D2D42624700EA0D0D /* VoiceCaptureViewController.swift in Sources */,
				4EA934D72D42200A008EE7B5 /* DashboardViewController.swift in Sources */,
				4EA934DE2D422C98008EE7B5 /* SwiftyTranslate.swift in Sources */,
				4EA934BF2D421F20008EE7B5 /* AppDelegate.swift in Sources */,
				4E9B3E802D43DF8100FB8AAD /* historyTableViewCell.swift in Sources */,
				4EA934C12D421F20008EE7B5 /* SceneDelegate.swift in Sources */,
				4EDDA43F2D43935A00AD5CC5 /* AboutViewController.swift in Sources */,
				4EDDA43E2D43935A00AD5CC5 /* FeedbackViewController.swift in Sources */,
				4EA934DC2D422C98008EE7B5 /* Helper.swift in Sources */,
				4EDDA43D2D43935A00AD5CC5 /* SettingsViewController.swift in Sources */,
			);
			runOnlyForDeploymentPostprocessing = 0;
		};
/* End PBXSourcesBuildPhase section */

/* Begin PBXVariantGroup section */
		4EA934C42D421F20008EE7B5 /* Main.storyboard */ = {
			isa = PBXVariantGroup;
			children = (
				4EA934C52D421F20008EE7B5 /* Base */,
			);
			name = Main.storyboard;
			sourceTree = "<group>";
		};
		4EA934C92D421F22008EE7B5 /* LaunchScreen.storyboard */ = {
			isa = PBXVariantGroup;
			children = (
				4EA934CA2D421F22008EE7B5 /* Base */,
			);
			name = LaunchScreen.storyboard;
			sourceTree = "<group>";
		};
/* End PBXVariantGroup section */

/* Begin XCBuildConfiguration section */
		4EA934CD2D421F22008EE7B5 /* Debug */ = {
			isa = XCBuildConfiguration;
			buildSettings = {
				ALWAYS_SEARCH_USER_PATHS = NO;
				ASSETCATALOG_COMPILER_GENERATE_SWIFT_ASSET_SYMBOL_EXTENSIONS = YES;
				CLANG_ANALYZER_NONNULL = YES;
				CLANG_ANALYZER_NUMBER_OBJECT_CONVERSION = YES_AGGRESSIVE;
				CLANG_CXX_LANGUAGE_STANDARD = "gnu++20";
				CLANG_ENABLE_MODULES = YES;
				CLANG_ENABLE_OBJC_ARC = YES;
				CLANG_ENABLE_OBJC_WEAK = YES;
				CLANG_WARN_BLOCK_CAPTURE_AUTORELEASING = YES;
				CLANG_WARN_BOOL_CONVERSION = YES;
				CLANG_WARN_COMMA = YES;
				CLANG_WARN_CONSTANT_CONVERSION = YES;
				CLANG_WARN_DEPRECATED_OBJC_IMPLEMENTATIONS = YES;
				CLANG_WARN_DIRECT_OBJC_ISA_USAGE = YES_ERROR;
				CLANG_WARN_DOCUMENTATION_COMMENTS = YES;
				CLANG_WARN_EMPTY_BODY = YES;
				CLANG_WARN_ENUM_CONVERSION = YES;
				CLANG_WARN_INFINITE_RECURSION = YES;
				CLANG_WARN_INT_CONVERSION = YES;
				CLANG_WARN_NON_LITERAL_NULL_CONVERSION = YES;
				CLANG_WARN_OBJC_IMPLICIT_RETAIN_SELF = YES;
				CLANG_WARN_OBJC_LITERAL_CONVERSION = YES;
				CLANG_WARN_OBJC_ROOT_CLASS = YES_ERROR;
				CLANG_WARN_QUOTED_INCLUDE_IN_FRAMEWORK_HEADER = YES;
				CLANG_WARN_RANGE_LOOP_ANALYSIS = YES;
				CLANG_WARN_STRICT_PROTOTYPES = YES;
				CLANG_WARN_SUSPICIOUS_MOVE = YES;
				CLANG_WARN_UNGUARDED_AVAILABILITY = YES_AGGRESSIVE;
				CLANG_WARN_UNREACHABLE_CODE = YES;
				CLANG_WARN__DUPLICATE_METHOD_MATCH = YES;
				COPY_PHASE_STRIP = NO;
				DEBUG_INFORMATION_FORMAT = dwarf;
				ENABLE_STRICT_OBJC_MSGSEND = YES;
				ENABLE_TESTABILITY = YES;
				ENABLE_USER_SCRIPT_SANDBOXING = YES;
				GCC_C_LANGUAGE_STANDARD = gnu17;
				GCC_DYNAMIC_NO_PIC = NO;
				GCC_NO_COMMON_BLOCKS = YES;
				GCC_OPTIMIZATION_LEVEL = 0;
				GCC_PREPROCESSOR_DEFINITIONS = (
					"DEBUG=1",
					"$(inherited)",
				);
				GCC_WARN_64_TO_32_BIT_CONVERSION = YES;
				GCC_WARN_ABOUT_RETURN_TYPE = YES_ERROR;
				GCC_WARN_UNDECLARED_SELECTOR = YES;
				GCC_WARN_UNINITIALIZED_AUTOS = YES_AGGRESSIVE;
				GCC_WARN_UNUSED_FUNCTION = YES;
				GCC_WARN_UNUSED_VARIABLE = YES;
				IPHONEOS_DEPLOYMENT_TARGET = 17.2;
				LOCALIZATION_PREFERS_STRING_CATALOGS = YES;
				MTL_ENABLE_DEBUG_INFO = INCLUDE_SOURCE;
				MTL_FAST_MATH = YES;
				ONLY_ACTIVE_ARCH = YES;
				SDKROOT = iphoneos;
				SWIFT_ACTIVE_COMPILATION_CONDITIONS = "DEBUG $(inherited)";
				SWIFT_OPTIMIZATION_LEVEL = "-Onone";
			};
			name = Debug;
		};
		4EA934CE2D421F22008EE7B5 /* Release */ = {
			isa = XCBuildConfiguration;
			buildSettings = {
				ALWAYS_SEARCH_USER_PATHS = NO;
				ASSETCATALOG_COMPILER_GENERATE_SWIFT_ASSET_SYMBOL_EXTENSIONS = YES;
				CLANG_ANALYZER_NONNULL = YES;
				CLANG_ANALYZER_NUMBER_OBJECT_CONVERSION = YES_AGGRESSIVE;
				CLANG_CXX_LANGUAGE_STANDARD = "gnu++20";
				CLANG_ENABLE_MODULES = YES;
				CLANG_ENABLE_OBJC_ARC = YES;
				CLANG_ENABLE_OBJC_WEAK = YES;
				CLANG_WARN_BLOCK_CAPTURE_AUTORELEASING = YES;
				CLANG_WARN_BOOL_CONVERSION = YES;
				CLANG_WARN_COMMA = YES;
				CLANG_WARN_CONSTANT_CONVERSION = YES;
				CLANG_WARN_DEPRECATED_OBJC_IMPLEMENTATIONS = YES;
				CLANG_WARN_DIRECT_OBJC_ISA_USAGE = YES_ERROR;
				CLANG_WARN_DOCUMENTATION_COMMENTS = YES;
				CLANG_WARN_EMPTY_BODY = YES;
				CLANG_WARN_ENUM_CONVERSION = YES;
				CLANG_WARN_INFINITE_RECURSION = YES;
				CLANG_WARN_INT_CONVERSION = YES;
				CLANG_WARN_NON_LITERAL_NULL_CONVERSION = YES;
				CLANG_WARN_OBJC_IMPLICIT_RETAIN_SELF = YES;
				CLANG_WARN_OBJC_LITERAL_CONVERSION = YES;
				CLANG_WARN_OBJC_ROOT_CLASS = YES_ERROR;
				CLANG_WARN_QUOTED_INCLUDE_IN_FRAMEWORK_HEADER = YES;
				CLANG_WARN_RANGE_LOOP_ANALYSIS = YES;
				CLANG_WARN_STRICT_PROTOTYPES = YES;
				CLANG_WARN_SUSPICIOUS_MOVE = YES;
				CLANG_WARN_UNGUARDED_AVAILABILITY = YES_AGGRESSIVE;
				CLANG_WARN_UNREACHABLE_CODE = YES;
				CLANG_WARN__DUPLICATE_METHOD_MATCH = YES;
				COPY_PHASE_STRIP = NO;
				DEBUG_INFORMATION_FORMAT = "dwarf-with-dsym";
				ENABLE_NS_ASSERTIONS = NO;
				ENABLE_STRICT_OBJC_MSGSEND = YES;
				ENABLE_USER_SCRIPT_SANDBOXING = YES;
				GCC_C_LANGUAGE_STANDARD = gnu17;
				GCC_NO_COMMON_BLOCKS = YES;
				GCC_WARN_64_TO_32_BIT_CONVERSION = YES;
				GCC_WARN_ABOUT_RETURN_TYPE = YES_ERROR;
				GCC_WARN_UNDECLARED_SELECTOR = YES;
				GCC_WARN_UNINITIALIZED_AUTOS = YES_AGGRESSIVE;
				GCC_WARN_UNUSED_FUNCTION = YES;
				GCC_WARN_UNUSED_VARIABLE = YES;
				IPHONEOS_DEPLOYMENT_TARGET = 17.2;
				LOCALIZATION_PREFERS_STRING_CATALOGS = YES;
				MTL_ENABLE_DEBUG_INFO = NO;
				MTL_FAST_MATH = YES;
				SDKROOT = iphoneos;
				SWIFT_COMPILATION_MODE = wholemodule;
				VALIDATE_PRODUCT = YES;
			};
			name = Release;
		};
		4EA934D02D421F22008EE7B5 /* Debug */ = {
			isa = XCBuildConfiguration;
			buildSettings = {
				ASSETCATALOG_COMPILER_APPICON_NAME = AppIcon;
				ASSETCATALOG_COMPILER_GLOBAL_ACCENT_COLOR_NAME = AccentColor;
				CODE_SIGN_STYLE = Automatic;
				CURRENT_PROJECT_VERSION = 1;
				GENERATE_INFOPLIST_FILE = YES;
				INFOPLIST_FILE = "VoiceCrafter Wave/Info.plist";
				INFOPLIST_KEY_NSCameraUsageDescription = "Effortlessly extract text from images. Capture photos with your camera or select from your gallery and our app will instantly convert them to editable text.";
				INFOPLIST_KEY_NSMicrophoneUsageDescription = "Experience faster input with our voice-to-text feature. This app utilizes your microphone to accurately convert your speech into written text, saving you time and effort.";
				INFOPLIST_KEY_NSPhotoLibraryUsageDescription = "This app employs speech recognition to convert your voice into text, enabling efficient and seamless text input through dictation.";
				INFOPLIST_KEY_NSSpeechRecognitionUsageDescription = "This app employs speech recognition to convert your voice into text, enabling efficient and seamless text input through dictation.";
				INFOPLIST_KEY_UIApplicationSupportsIndirectInputEvents = YES;
				INFOPLIST_KEY_UILaunchStoryboardName = LaunchScreen;
				INFOPLIST_KEY_UIMainStoryboardFile = Main;
				INFOPLIST_KEY_UISupportedInterfaceOrientations = "UIInterfaceOrientationPortrait UIInterfaceOrientationPortraitUpsideDown";
				INFOPLIST_KEY_UISupportedInterfaceOrientations_iPad = "UIInterfaceOrientationLandscapeLeft UIInterfaceOrientationLandscapeRight UIInterfaceOrientationPortrait UIInterfaceOrientationPortraitUpsideDown";
				IPHONEOS_DEPLOYMENT_TARGET = 13.0;
				LD_RUNPATH_SEARCH_PATHS = (
					"$(inherited)",
					"@executable_path/Frameworks",
				);
				MARKETING_VERSION = 1.0;
				PRODUCT_BUNDLE_IDENTIFIER = "com.VoiceCrafter-Wave";
				PRODUCT_NAME = "$(TARGET_NAME)";
				SUPPORTED_PLATFORMS = "iphoneos iphonesimulator";
				SUPPORTS_MACCATALYST = NO;
				SUPPORTS_MAC_DESIGNED_FOR_IPHONE_IPAD = NO;
				SUPPORTS_XR_DESIGNED_FOR_IPHONE_IPAD = NO;
				SWIFT_EMIT_LOC_STRINGS = YES;
				SWIFT_VERSION = 5.0;
				TARGETED_DEVICE_FAMILY = 1;
			};
			name = Debug;
		};
		4EA934D12D421F22008EE7B5 /* Release */ = {
			isa = XCBuildConfiguration;
			buildSettings = {
				ASSETCATALOG_COMPILER_APPICON_NAME = AppIcon;
				ASSETCATALOG_COMPILER_GLOBAL_ACCENT_COLOR_NAME = AccentColor;
				CODE_SIGN_STYLE = Automatic;
				CURRENT_PROJECT_VERSION = 1;
				GENERATE_INFOPLIST_FILE = YES;
				INFOPLIST_FILE = "VoiceCrafter Wave/Info.plist";
				INFOPLIST_KEY_NSCameraUsageDescription = "Effortlessly extract text from images. Capture photos with your camera or select from your gallery and our app will instantly convert them to editable text.";
				INFOPLIST_KEY_NSMicrophoneUsageDescription = "Experience faster input with our voice-to-text feature. This app utilizes your microphone to accurately convert your speech into written text, saving you time and effort.";
				INFOPLIST_KEY_NSPhotoLibraryUsageDescription = "This app employs speech recognition to convert your voice into text, enabling efficient and seamless text input through dictation.";
				INFOPLIST_KEY_NSSpeechRecognitionUsageDescription = "This app employs speech recognition to convert your voice into text, enabling efficient and seamless text input through dictation.";
				INFOPLIST_KEY_UIApplicationSupportsIndirectInputEvents = YES;
				INFOPLIST_KEY_UILaunchStoryboardName = LaunchScreen;
				INFOPLIST_KEY_UIMainStoryboardFile = Main;
				INFOPLIST_KEY_UISupportedInterfaceOrientations = "UIInterfaceOrientationPortrait UIInterfaceOrientationPortraitUpsideDown";
				INFOPLIST_KEY_UISupportedInterfaceOrientations_iPad = "UIInterfaceOrientationLandscapeLeft UIInterfaceOrientationLandscapeRight UIInterfaceOrientationPortrait UIInterfaceOrientationPortraitUpsideDown";
				IPHONEOS_DEPLOYMENT_TARGET = 13.0;
				LD_RUNPATH_SEARCH_PATHS = (
					"$(inherited)",
					"@executable_path/Frameworks",
				);
				MARKETING_VERSION = 1.0;
				PRODUCT_BUNDLE_IDENTIFIER = "com.VoiceCrafter-Wave";
				PRODUCT_NAME = "$(TARGET_NAME)";
				SUPPORTED_PLATFORMS = "iphoneos iphonesimulator";
				SUPPORTS_MACCATALYST = NO;
				SUPPORTS_MAC_DESIGNED_FOR_IPHONE_IPAD = NO;
				SUPPORTS_XR_DESIGNED_FOR_IPHONE_IPAD = NO;
				SWIFT_EMIT_LOC_STRINGS = YES;
				SWIFT_VERSION = 5.0;
				TARGETED_DEVICE_FAMILY = 1;
			};
			name = Release;
		};
/* End XCBuildConfiguration section */

/* Begin XCConfigurationList section */
		4EA934B62D421F1F008EE7B5 /* Build configuration list for PBXProject "VoiceCrafter Wave" */ = {
			isa = XCConfigurationList;
			buildConfigurations = (
				4EA934CD2D421F22008EE7B5 /* Debug */,
				4EA934CE2D421F22008EE7B5 /* Release */,
			);
			defaultConfigurationIsVisible = 0;
			defaultConfigurationName = Release;
		};
		4EA934CF2D421F22008EE7B5 /* Build configuration list for PBXNativeTarget "VoiceCrafter Wave" */ = {
			isa = XCConfigurationList;
			buildConfigurations = (
				4EA934D02D421F22008EE7B5 /* Debug */,
				4EA934D12D421F22008EE7B5 /* Release */,
			);
			defaultConfigurationIsVisible = 0;
			defaultConfigurationName = Release;
		};
/* End XCConfigurationList section */
	};
	rootObject = 4EA934B32D421F1F008EE7B5 /* Project object */;
}
